
Microsoft Visual Studio Solution File, Format Version 12.00
# Visual Studio Version 16
VisualStudioVersion = 16.0.30907.101
MinimumVisualStudioVersion = 10.0.40219.1
Project("{FAE04EC0-301F-11D3-BF4B-00C04F79EFBC}") = "EnumLibrary", "EnumLibrary\EnumLibrary.csproj", "{B5F23A02-7E1A-4F87-BFEC-B5FCFB1F0361}"
EndProject
Project("{FAE04EC0-301F-11D3-BF4B-00C04F79EFBC}") = "EnumConsole", "EnumConsole\EnumConsole.csproj", "{AA2DFEF6-B387-451B-84C8-14A764572C4F}"
EndProject
Project("{FAE04EC0-301F-11D3-BF4B-00C04F79EFBC}") = "PokerEnumLibrary", "PokerEnumLibrary\PokerEnumLibrary.csproj", "{741FFF0E-2289-4E72-9218-E12D3BA19AF3}"
EndProject
Project("{FAE04EC0-301F-11D3-BF4B-00C04F79EFBC}") = "PokerEnumConsole", "PokerConsole\PokerEnumConsole.csproj", "{BB9F731C-0275-4EA2-887D-FB4450C1FB1C}"
EndProject
Global
	GlobalSection(SolutionConfigurationPlatforms) = preSolution
		Debug|Any CPU = Debug|Any CPU
		Release|Any CPU = Release|Any CPU
	EndGlobalSection
	GlobalSection(ProjectConfigurationPlatforms) = postSolution
		{B5F23A02-7E1A-4F87-BFEC-B5FCFB1F0361}.Debug|Any CPU.ActiveCfg = Debug|Any CPU
		{B5F23A02-7E1A-4F87-BFEC-B5FCFB1F0361}.Debug|Any CPU.Build.0 = Debug|Any CPU
		{B5F23A02-7E1A-4F87-BFEC-B5FCFB1F0361}.Release|Any CPU.ActiveCfg = Release|Any CPU
		{B5F23A02-7E1A-4F87-BFEC-B5FCFB1F0361}.Release|Any CPU.Build.0 = Release|Any CPU
		{AA2DFEF6-B387-451B-84C8-14A764572C4F}.Debug|Any CPU.ActiveCfg = Debug|Any CPU
		{AA2DFEF6-B387-451B-84C8-14A764572C4F}.Debug|Any CPU.Build.0 = Debug|Any CPU
		{AA2DFEF6-B387-451B-84C8-14A764572C4F}.Release|Any CPU.ActiveCfg = Release|Any CPU
		{AA2DFEF6-B387-451B-84C8-14A764572C4F}.Release|Any CPU.Build.0 = Release|Any CPU
		{741FFF0E-2289-4E72-9218-E12D3BA19AF3}.Debug|Any CPU.ActiveCfg = Debug|Any CPU
		{741FFF0E-2289-4E72-9218-E12D3BA19AF3}.Debug|Any CPU.Build.0 = Debug|Any CPU
		{741FFF0E-2289-4E72-9218-E12D3BA19AF3}.Release|Any CPU.ActiveCfg = Release|Any CPU
		{741FFF0E-2289-4E72-9218-E12D3BA19AF3}.Release|Any CPU.Build.0 = Release|Any CPU
		{BB9F731C-0275-4EA2-887D-FB4450C1FB1C}.Debug|Any CPU.ActiveCfg = Debug|Any CPU
		{BB9F731C-0275-4EA2-887D-FB4450C1FB1C}.Debug|Any CPU.Build.0 = Debug|Any CPU
		{BB9F731C-0275-4EA2-887D-FB4450C1FB1C}.Release|Any CPU.ActiveCfg = Release|Any CPU
		{BB9F731C-0275-4EA2-887D-FB4450C1FB1C}.Release|Any CPU.Build.0 = Release|Any CPU
	EndGlobalSection
	GlobalSection(SolutionProperties) = preSolution
		HideSolutionNode = FALSE
	EndGlobalSection
	GlobalSection(ExtensibilityGlobals) = postSolution
		SolutionGuid = {19A111FD-525C-4DC0-8944-0D79E9B38A79}
	EndGlobalSection
EndGlobal
